github.com/bamboo-services/bamboo-base-go/common v1.0.0-202607011542 h1:CgRLC1VCOF2Hd6IvdufNSOxspKVfgyO555y3Q8lO7jw=
github.com/bamboo-services/bamboo-base-go/common v1.0.0-202607011542/go.mod h1:s1gz5rZX0xwVxH/cj+POhSJscnmt5l1MgriS7ZCCe1M=
github.com/bamboo-services/bamboo-base-go/defined v1.0.0-202607011542 h1:Gp81M9eyPqcFI9QP+H/61qL6mVmd9Lz5WJGPLeWmacs=
github.com/bamboo-services/bamboo-base-go/defined v1.0.0-202607011542/go.mod h1:ek8hbiQX7Zdd39NDtA521FHICv0A8Fkl3ZN/GIKtXYg=
